// !$*UTF8*$!
{
	archiveVersion = 1;
	classes = {
	};
	objectVersion = 56;
	objects = {

/* Begin PBXBuildFile section */
		44DBF4CB2A267C9C00A71EE6 /* NotificationManager.swift in Sources */ = {isa = PBXBuildFile; fileRef = 44DBF4CA2A267C9C00A71EE6 /* NotificationManager.swift */; };
		6C50DDD52A1780AA009FA93A /* Assets.xcassets in Resources */ = {isa = PBXBuildFile; fileRef = 6C50DDD42A1780AA009FA93A /* Assets.xcassets */; };
		6C50DDE12A178172009FA93A /* FirebaseAuth in Frameworks */ = {isa = PBXBuildFile; productRef = 6C50DDE02A178172009FA93A /* FirebaseAuth */; };
		6C50DDE32A178172009FA93A /* FirebaseFirestore in Frameworks */ = {isa = PBXBuildFile; productRef = 6C50DDE22A178172009FA93A /* FirebaseFirestore */; };
		6C50DDE52A178172009FA93A /* FirebaseFirestoreSwift-Beta in Frameworks */ = {isa = PBXBuildFile; productRef = 6C50DDE42A178172009FA93A /* FirebaseFirestoreSwift-Beta */; };
		6C50DDE72A178172009FA93A /* FirebaseStorage in Frameworks */ = {isa = PBXBuildFile; productRef = 6C50DDE62A178172009FA93A /* FirebaseStorage */; };
		6C50DDE92A178172009FA93A /* FirebaseStorageSwift-Beta in Frameworks */ = {isa = PBXBuildFile; productRef = 6C50DDE82A178172009FA93A /* FirebaseStorageSwift-Beta */; };
		6C50DDED2A1782AC009FA93A /* LaunchScreen.storyboard in Resources */ = {isa = PBXBuildFile; fileRef = 6C50DDEC2A1782AB009FA93A /* LaunchScreen.storyboard */; };
		6C50DE152A17837E009FA93A /* Order.swift in Sources */ = {isa = PBXBuildFile; fileRef = 6C50DDEF2A17837D009FA93A /* Order.swift */; };
		6C50DE162A17837E009FA93A /* User.swift in Sources */ = {isa = PBXBuildFile; fileRef = 6C50DDF02A17837D009FA93A /* User.swift */; };
		6C50DE172A17837E009FA93A /* Good.swift in Sources */ = {isa = PBXBuildFile; fileRef = 6C50DDF12A17837D009FA93A /* Good.swift */; };
		6C50DE182A17837E009FA93A /* StorageManager.swift in Sources */ = {isa = PBXBuildFile; fileRef = 6C50DDF32A17837E009FA93A /* StorageManager.swift */; };
		6C50DE192A17837E009FA93A /* AuthManager.swift in Sources */ = {isa = PBXBuildFile; fileRef = 6C50DDF42A17837E009FA93A /* AuthManager.swift */; };
		6C50DE1A2A17837E009FA93A /* DatabaseManager.swift in Sources */ = {isa = PBXBuildFile; fileRef = 6C50DDF52A17837E009FA93A /* DatabaseManager.swift */; };
		6C50DE1B2A17837E009FA93A /* BasketVC.swift in Sources */ = {isa = PBXBuildFile; fileRef = 6C50DDF92A17837E009FA93A /* BasketVC.swift */; };
		6C50DE1C2A17837E009FA93A /* OrderSuccessfulVC.swift in Sources */ = {isa = PBXBuildFile; fileRef = 6C50DDFA2A17837E009FA93A /* OrderSuccessfulVC.swift */; };
		6C50DE1D2A17837E009FA93A /* OrderVC.swift in Sources */ = {isa = PBXBuildFile; fileRef = 6C50DDFB2A17837E009FA93A /* OrderVC.swift */; };
		6C50DE1E2A17837E009FA93A /* ProfileVC.swift in Sources */ = {isa = PBXBuildFile; fileRef = 6C50DDFD2A17837E009FA93A /* ProfileVC.swift */; };
		6C50DE1F2A17837E009FA93A /* MyOrdersVC.swift in Sources */ = {isa = PBXBuildFile; fileRef = 6C50DDFE2A17837E009FA93A /* MyOrdersVC.swift */; };
		6C50DE202A17837E009FA93A /* SettingsVC.swift in Sources */ = {isa = PBXBuildFile; fileRef = 6C50DDFF2A17837E009FA93A /* SettingsVC.swift */; };
		6C50DE212A17837E009FA93A /* EditProfileVC.swift in Sources */ = {isa = PBXBuildFile; fileRef = 6C50DE002A17837E009FA93A /* EditProfileVC.swift */; };
		6C50DE222A17837E009FA93A /* HomeVC.swift in Sources */ = {isa = PBXBuildFile; fileRef = 6C50DE012A17837E009FA93A /* HomeVC.swift */; };
		6C50DE232A17837E009FA93A /* FavoritesVC.swift in Sources */ = {isa = PBXBuildFile; fileRef = 6C50DE022A17837E009FA93A /* FavoritesVC.swift */; };
		6C50DE242A17837E009FA93A /* SignInVC.swift in Sources */ = {isa = PBXBuildFile; fileRef = 6C50DE042A17837E009FA93A /* SignInVC.swift */; };
		6C50DE252A17837E009FA93A /* SignUpVC.swift in Sources */ = {isa = PBXBuildFile; fileRef = 6C50DE052A17837E009FA93A /* SignUpVC.swift */; };
		6C50DE262A17837E009FA93A /* GoodDetailsVC.swift in Sources */ = {isa = PBXBuildFile; fileRef = 6C50DE072A17837E009FA93A /* GoodDetailsVC.swift */; };
		6C50DE272A17837E009FA93A /* TabBarVC.swift in Sources */ = {isa = PBXBuildFile; fileRef = 6C50DE092A17837E009FA93A /* TabBarVC.swift */; };
		6C50DE282A17837E009FA93A /* HomeTableViewCell.swift in Sources */ = {isa = PBXBuildFile; fileRef = 6C50DE0C2A17837E009FA93A /* HomeTableViewCell.swift */; };
		6C50DE292A17837E009FA93A /* PopularDoodsTableViewCell.swift in Sources */ = {isa = PBXBuildFile; fileRef = 6C50DE0D2A17837E009FA93A /* PopularDoodsTableViewCell.swift */; };
		6C50DE2A2A17837E009FA93A /* BasketTableViewCell.swift in Sources */ = {isa = PBXBuildFile; fileRef = 6C50DE0E2A17837E009FA93A /* BasketTableViewCell.swift */; };
		6C50DE2B2A17837E009FA93A /* SettingTableViewCell.swift in Sources */ = {isa = PBXBuildFile; fileRef = 6C50DE0F2A17837E009FA93A /* SettingTableViewCell.swift */; };
		6C50DE2C2A17837E009FA93A /* SignInHeaderView.swift in Sources */ = {isa = PBXBuildFile; fileRef = 6C50DE102A17837E009FA93A /* SignInHeaderView.swift */; };
		6C50DE2D2A17837E009FA93A /* Extensions.swift in Sources */ = {isa = PBXBuildFile; fileRef = 6C50DE122A17837E009FA93A /* Extensions.swift */; };
		6C50DE2E2A17837E009FA93A /* AppDelegate.swift in Sources */ = {isa = PBXBuildFile; fileRef = 6C50DE132A17837E009FA93A /* AppDelegate.swift */; };
		6C50DE2F2A17837E009FA93A /* SceneDelegate.swift in Sources */ = {isa = PBXBuildFile; fileRef = 6C50DE142A17837E009FA93A /* SceneDelegate.swift */; };
		6CA2D4042A18EA4F00A1C8F4 /* GoogleService-Info.plist in Resources */ = {isa = PBXBuildFile; fileRef = 6CA2D4032A18EA4F00A1C8F4 /* GoogleService-Info.plist */; };
		6CABEBEB2A1DFDF100554A3C /* SettingManager.swift in Sources */ = {isa = PBXBuildFile; fileRef = 6CABEBEA2A1DFDF100554A3C /* SettingManager.swift */; };
/* End PBXBuildFile section */

/* Begin PBXFileReference section */
		44DBF4CA2A267C9C00A71EE6 /* NotificationManager.swift */ = {isa = PBXFileReference; lastKnownFileType = sourcecode.swift; path = NotificationManager.swift; sourceTree = "<group>"; };
		6C50DDC82A1780A4009FA93A /* CoffeeRoaster.app */ = {isa = PBXFileReference; explicitFileType = wrapper.application; includeInIndex = 0; path = CoffeeRoaster.app; sourceTree = BUILT_PRODUCTS_DIR; };
		6C50DDD42A1780AA009FA93A /* Assets.xcassets */ = {isa = PBXFileReference; lastKnownFileType = folder.assetcatalog; path = Assets.xcassets; sourceTree = "<group>"; };
		6C50DDD92A1780AA009FA93A /* Info.plist */ = {isa = PBXFileReference; lastKnownFileType = text.plist.xml; path = Info.plist; sourceTree = "<group>"; };
		6C50DDEC2A1782AB009FA93A /* LaunchScreen.storyboard */ = {isa = PBXFileReference; fileEncoding = 4; lastKnownFileType = file.storyboard; path = LaunchScreen.storyboard; sourceTree = "<group>"; };
		6C50DDEF2A17837D009FA93A /* Order.swift */ = {isa = PBXFileReference; fileEncoding = 4; lastKnownFileType = sourcecode.swift; path = Order.swift; sourceTree = "<group>"; };
		6C50DDF02A17837D009FA93A /* User.swift */ = {isa = PBXFileReference; fileEncoding = 4; lastKnownFileType = sourcecode.swift; path = User.swift; sourceTree = "<group>"; };
		6C50DDF12A17837D009FA93A /* Good.swift */ = {isa = PBXFileReference; fileEncoding = 4; lastKnownFileType = sourcecode.swift; path = Good.swift; sourceTree = "<group>"; };
		6C50DDF32A17837E009FA93A /* StorageManager.swift */ = {isa = PBXFileReference; fileEncoding = 4; lastKnownFileType = sourcecode.swift; path = StorageManager.swift; sourceTree = "<group>"; };
		6C50DDF42A17837E009FA93A /* AuthManager.swift */ = {isa = PBXFileReference; fileEncoding = 4; lastKnownFileType = sourcecode.swift; path = AuthManager.swift; sourceTree = "<group>"; };
		6C50DDF52A17837E009FA93A /* DatabaseManager.swift */ = {isa = PBXFileReference; fileEncoding = 4; lastKnownFileType = sourcecode.swift; path = DatabaseManager.swift; sourceTree = "<group>"; };
		6C50DDF92A17837E009FA93A /* BasketVC.swift */ = {isa = PBXFileReference; fileEncoding = 4; lastKnownFileType = sourcecode.swift; path = BasketVC.swift; sourceTree = "<group>"; };
		6C50DDFA2A17837E009FA93A /* OrderSuccessfulVC.swift */ = {isa = PBXFileReference; fileEncoding = 4; lastKnownFileType = sourcecode.swift; path = OrderSuccessfulVC.swift; sourceTree = "<group>"; };
		6C50DDFB2A17837E009FA93A /* OrderVC.swift */ = {isa = PBXFileReference; fileEncoding = 4; lastKnownFileType = sourcecode.swift; path = OrderVC.swift; sourceTree = "<group>"; };
		6C50DDFD2A17837E009FA93A /* ProfileVC.swift */ = {isa = PBXFileReference; fileEncoding = 4; lastKnownFileType = sourcecode.swift; path = ProfileVC.swift; sourceTree = "<group>"; };
		6C50DDFE2A17837E009FA93A /* MyOrdersVC.swift */ = {isa = PBXFileReference; fileEncoding = 4; lastKnownFileType = sourcecode.swift; path = MyOrdersVC.swift; sourceTree = "<group>"; };
		6C50DDFF2A17837E009FA93A /* SettingsVC.swift */ = {isa = PBXFileReference; fileEncoding = 4; lastKnownFileType = sourcecode.swift; path = SettingsVC.swift; sourceTree = "<group>"; };
		6C50DE002A17837E009FA93A /* EditProfileVC.swift */ = {isa = PBXFileReference; fileEncoding = 4; lastKnownFileType = sourcecode.swift; path = EditProfileVC.swift; sourceTree = "<group>"; };
		6C50DE012A17837E009FA93A /* HomeVC.swift */ = {isa = PBXFileReference; fileEncoding = 4; lastKnownFileType = sourcecode.swift; path = HomeVC.swift; sourceTree = "<group>"; };
		6C50DE022A17837E009FA93A /* FavoritesVC.swift */ = {isa = PBXFileReference; fileEncoding = 4; lastKnownFileType = sourcecode.swift; path = FavoritesVC.swift; sourceTree = "<group>"; };
		6C50DE042A17837E009FA93A /* SignInVC.swift */ = {isa = PBXFileReference; fileEncoding = 4; lastKnownFileType = sourcecode.swift; path = SignInVC.swift; sourceTree = "<group>"; };
		6C50DE052A17837E009FA93A /* SignUpVC.swift */ = {isa = PBXFileReference; fileEncoding = 4; lastKnownFileType = sourcecode.swift; path = SignUpVC.swift; sourceTree = "<group>"; };
		6C50DE072A17837E009FA93A /* GoodDetailsVC.swift */ = {isa = PBXFileReference; fileEncoding = 4; lastKnownFileType = sourcecode.swift; path = GoodDetailsVC.swift; sourceTree = "<group>"; };
		6C50DE092A17837E009FA93A /* TabBarVC.swift */ = {isa = PBXFileReference; fileEncoding = 4; lastKnownFileType = sourcecode.swift; path = TabBarVC.swift; sourceTree = "<group>"; };
		6C50DE0C2A17837E009FA93A /* HomeTableViewCell.swift */ = {isa = PBXFileReference; fileEncoding = 4; lastKnownFileType = sourcecode.swift; path = HomeTableViewCell.swift; sourceTree = "<group>"; };
		6C50DE0D2A17837E009FA93A /* PopularDoodsTableViewCell.swift */ = {isa = PBXFileReference; fileEncoding = 4; lastKnownFileType = sourcecode.swift; path = PopularDoodsTableViewCell.swift; sourceTree = "<group>"; };
		6C50DE0E2A17837E009FA93A /* BasketTableViewCell.swift */ = {isa = PBXFileReference; fileEncoding = 4; lastKnownFileType = sourcecode.swift; path = BasketTableViewCell.swift; sourceTree = "<group>"; };
		6C50DE0F2A17837E009FA93A /* SettingTableViewCell.swift */ = {isa = PBXFileReference; fileEncoding = 4; lastKnownFileType = sourcecode.swift; path = SettingTableViewCell.swift; sourceTree = "<group>"; };
		6C50DE102A17837E009FA93A /* SignInHeaderView.swift */ = {isa = PBXFileReference; fileEncoding = 4; lastKnownFileType = sourcecode.swift; path = SignInHeaderView.swift; sourceTree = "<group>"; };
		6C50DE122A17837E009FA93A /* Extensions.swift */ = {isa = PBXFileReference; fileEncoding = 4; lastKnownFileType = sourcecode.swift; path = Extensions.swift; sourceTree = "<group>"; };
		6C50DE132A17837E009FA93A /* AppDelegate.swift */ = {isa = PBXFileReference; fileEncoding = 4; lastKnownFileType = sourcecode.swift; path = AppDelegate.swift; sourceTree = "<group>"; };
		6C50DE142A17837E009FA93A /* SceneDelegate.swift */ = {isa = PBXFileReference; fileEncoding = 4; lastKnownFileType = sourcecode.swift; path = SceneDelegate.swift; sourceTree = "<group>"; };
		6CA2D4032A18EA4F00A1C8F4 /* GoogleService-Info.plist */ = {isa = PBXFileReference; fileEncoding = 4; lastKnownFileType = text.plist.xml; path = "GoogleService-Info.plist"; sourceTree = "<group>"; };
		6CABEBEA2A1DFDF100554A3C /* SettingManager.swift */ = {isa = PBXFileReference; lastKnownFileType = sourcecode.swift; path = SettingManager.swift; sourceTree = "<group>"; };
/* End PBXFileReference section */

/* Begin PBXFrameworksBuildPhase section */
		6C50DDC52A1780A4009FA93A /* Frameworks */ = {
			isa = PBXFrameworksBuildPhase;
			buildActionMask = 2147483647;
			files = (
				6C50DDE92A178172009FA93A /* FirebaseStorageSwift-Beta in Frameworks */,
				6C50DDE52A178172009FA93A /* FirebaseFirestoreSwift-Beta in Frameworks */,
				6C50DDE72A178172009FA93A /* FirebaseStorage in Frameworks */,
				6C50DDE12A178172009FA93A /* FirebaseAuth in Frameworks */,
				6C50DDE32A178172009FA93A /* FirebaseFirestore in Frameworks */,
			);
			runOnlyForDeploymentPostprocessing = 0;
		};
/* End PBXFrameworksBuildPhase section */

/* Begin PBXGroup section */
		6C50DDBF2A1780A4009FA93A = {
			isa = PBXGroup;
			children = (
				6C50DDCA2A1780A4009FA93A /* CoffeeRoaster */,
				6C50DDC92A1780A4009FA93A /* Products */,
			);
			sourceTree = "<group>";
		};
		6C50DDC92A1780A4009FA93A /* Products */ = {
			isa = PBXGroup;
			children = (
				6C50DDC82A1780A4009FA93A /* CoffeeRoaster.app */,
			);
			name = Products;
			sourceTree = "<group>";
		};
		6C50DDCA2A1780A4009FA93A /* CoffeeRoaster */ = {
			isa = PBXGroup;
			children = (
				6C50DDF22A17837E009FA93A /* Managers */,
				6C50DDEE2A17837D009FA93A /* Models */,
				6C50DDF62A17837E009FA93A /* Controllers */,
				6C50DE0A2A17837E009FA93A /* Views */,
				6C50DE112A17837E009FA93A /* Other */,
				6C50DDD42A1780AA009FA93A /* Assets.xcassets */,
				6C50DDEC2A1782AB009FA93A /* LaunchScreen.storyboard */,
				6C50DDD92A1780AA009FA93A /* Info.plist */,
				6CA2D4032A18EA4F00A1C8F4 /* GoogleService-Info.plist */,
			);
			path = CoffeeRoaster;
			sourceTree = "<group>";
		};
		6C50DDEE2A17837D009FA93A /* Models */ = {
			isa = PBXGroup;
			children = (
				6C50DDEF2A17837D009FA93A /* Order.swift */,
				6C50DDF02A17837D009FA93A /* User.swift */,
				6C50DDF12A17837D009FA93A /* Good.swift */,
			);
			path = Models;
			sourceTree = "<group>";
		};
		6C50DDF22A17837E009FA93A /* Managers */ = {
			isa = PBXGroup;
			children = (
				6C50DDF42A17837E009FA93A /* AuthManager.swift */,
				6C50DDF52A17837E009FA93A /* DatabaseManager.swift */,
				6C50DDF32A17837E009FA93A /* StorageManager.swift */,
				6CABEBEA2A1DFDF100554A3C /* SettingManager.swift */,
				44DBF4CA2A267C9C00A71EE6 /* NotificationManager.swift */,
			);
			path = Managers;
			sourceTree = "<group>";
		};
		6C50DDF62A17837E009FA93A /* Controllers */ = {
			isa = PBXGroup;
			children = (
				6C50DE082A17837E009FA93A /* TabBar */,
				6C50DDF72A17837E009FA93A /* Core */,
				6C50DE062A17837E009FA93A /* General */,
			);
			path = Controllers;
			sourceTree = "<group>";
		};
		6C50DDF72A17837E009FA93A /* Core */ = {
			isa = PBXGroup;
			children = (
				6C50DE012A17837E009FA93A /* HomeVC.swift */,
				6C50DE022A17837E009FA93A /* FavoritesVC.swift */,
				6C50DDF92A17837E009FA93A /* BasketVC.swift */,
				6C50DDFD2A17837E009FA93A /* ProfileVC.swift */,
			);
			path = Core;
			sourceTree = "<group>";
		};
		6C50DDF82A17837E009FA93A /* Order */ = {
			isa = PBXGroup;
			children = (
				6C50DDFB2A17837E009FA93A /* OrderVC.swift */,
				6C50DDFA2A17837E009FA93A /* OrderSuccessfulVC.swift */,
			);
			path = Order;
			sourceTree = "<group>";
		};
		6C50DDFC2A17837E009FA93A /* Profile */ = {
			isa = PBXGroup;
			children = (
				6C50DDFE2A17837E009FA93A /* MyOrdersVC.swift */,
				6C50DDFF2A17837E009FA93A /* SettingsVC.swift */,
				6C50DE002A17837E009FA93A /* EditProfileVC.swift */,
			);
			path = Profile;
			sourceTree = "<group>";
		};
		6C50DE032A17837E009FA93A /* Auth */ = {
			isa = PBXGroup;
			children = (
				6C50DE042A17837E009FA93A /* SignInVC.swift */,
				6C50DE052A17837E009FA93A /* SignUpVC.swift */,
			);
			path = Auth;
			sourceTree = "<group>";
		};
		6C50DE062A17837E009FA93A /* General */ = {
			isa = PBXGroup;
			children = (
				6C50DE072A17837E009FA93A /* GoodDetailsVC.swift */,
				6C50DE032A17837E009FA93A /* Auth */,
				6C50DDFC2A17837E009FA93A /* Profile */,
				6C50DDF82A17837E009FA93A /* Order */,
			);
			path = General;
			sourceTree = "<group>";
		};
		6C50DE082A17837E009FA93A /* TabBar */ = {
			isa = PBXGroup;
			children = (
				6C50DE092A17837E009FA93A /* TabBarVC.swift */,
			);
			path = TabBar;
			sourceTree = "<group>";
		};
		6C50DE0A2A17837E009FA93A /* Views */ = {
			isa = PBXGroup;
			children = (
				6C50DE0B2A17837E009FA93A /* Cells */,
				6C50DE102A17837E009FA93A /* SignInHeaderView.swift */,
			);
			path = Views;
			sourceTree = "<group>";
		};
		6C50DE0B2A17837E009FA93A /* Cells */ = {
			isa = PBXGroup;
			children = (
				6C50DE0C2A17837E009FA93A /* HomeTableViewCell.swift */,
				6C50DE0D2A17837E009FA93A /* PopularDoodsTableViewCell.swift */,
				6C50DE0E2A17837E009FA93A /* BasketTableViewCell.swift */,
				6C50DE0F2A17837E009FA93A /* SettingTableViewCell.swift */,
			);
			path = Cells;
			sourceTree = "<group>";
		};
		6C50DE112A17837E009FA93A /* Other */ = {
			isa = PBXGroup;
			children = (
				6C50DE122A17837E009FA93A /* Extensions.swift */,
				6C50DE132A17837E009FA93A /* AppDelegate.swift */,
				6C50DE142A17837E009FA93A /* SceneDelegate.swift */,
			);
			path = Other;
			sourceTree = "<group>";
		};
/* End PBXGroup section */

/* Begin PBXNativeTarget section */
		6C50DDC72A1780A4009FA93A /* CoffeeRoaster */ = {
			isa = PBXNativeTarget;
			buildConfigurationList = 6C50DDDC2A1780AA009FA93A /* Build configuration list for PBXNativeTarget "CoffeeRoaster" */;
			buildPhases = (
				6C50DDC42A1780A4009FA93A /* Sources */,
				6C50DDC52A1780A4009FA93A /* Frameworks */,
				6C50DDC62A1780A4009FA93A /* Resources */,
			);
			buildRules = (
			);
			dependencies = (
			);
			name = CoffeeRoaster;
			packageProductDependencies = (
				6C50DDE02A178172009FA93A /* FirebaseAuth */,
				6C50DDE22A178172009FA93A /* FirebaseFirestore */,
				6C50DDE42A178172009FA93A /* FirebaseFirestoreSwift-Beta */,
				6C50DDE62A178172009FA93A /* FirebaseStorage */,
				6C50DDE82A178172009FA93A /* FirebaseStorageSwift-Beta */,
			);
			productName = CoffeeRoaster;
			productReference = 6C50DDC82A1780A4009FA93A /* CoffeeRoaster.app */;
			productType = "com.apple.product-type.application";
		};
/* End PBXNativeTarget section */

/* Begin PBXProject section */
		6C50DDC02A1780A4009FA93A /* Project object */ = {
			isa = PBXProject;
			attributes = {
				BuildIndependentTargetsInParallel = 1;
				LastSwiftUpdateCheck = 1430;
				LastUpgradeCheck = 1430;
				TargetAttributes = {
					6C50DDC72A1780A4009FA93A = {
						CreatedOnToolsVersion = 14.3;
					};
				};
			};
			buildConfigurationList = 6C50DDC32A1780A4009FA93A /* Build configuration list for PBXProject "CoffeeRoaster" */;
			compatibilityVersion = "Xcode 14.0";
			developmentRegion = en;
			hasScannedForEncodings = 0;
			knownRegions = (
				en,
				Base,
			);
			mainGroup = 6C50DDBF2A1780A4009FA93A;
			packageReferences = (
				6C50DDDF2A178172009FA93A /* XCRemoteSwiftPackageReference "firebase-ios-sdk" */,
			);
			productRefGroup = 6C50DDC92A1780A4009FA93A /* Products */;
			projectDirPath = "";
			projectRoot = "";
			targets = (
				6C50DDC72A1780A4009FA93A /* CoffeeRoaster */,
			);
		};
/* End PBXProject section */

/* Begin PBXResourcesBuildPhase section */
		6C50DDC62A1780A4009FA93A /* Resources */ = {
			isa = PBXResourcesBuildPhase;
			buildActionMask = 2147483647;
			files = (
				6C50DDED2A1782AC009FA93A /* LaunchScreen.storyboard in Resources */,
				6C50DDD52A1780AA009FA93A /* Assets.xcassets in Resources */,
				6CA2D4042A18EA4F00A1C8F4 /* GoogleService-Info.plist in Resources */,
			);
			runOnlyForDeploymentPostprocessing = 0;
		};
/* End PBXResourcesBuildPhase section */

/* Begin PBXSourcesBuildPhase section */
		6C50DDC42A1780A4009FA93A /* Sources */ = {
			isa = PBXSourcesBuildPhase;
			buildActionMask = 2147483647;
			files = (
				6C50DE1E2A17837E009FA93A /* ProfileVC.swift in Sources */,
				6C50DE262A17837E009FA93A /* GoodDetailsVC.swift in Sources */,
				6C50DE222A17837E009FA93A /* HomeVC.swift in Sources */,
				6CABEBEB2A1DFDF100554A3C /* SettingManager.swift in Sources */,
				6C50DE172A17837E009FA93A /* Good.swift in Sources */,
				6C50DE1D2A17837E009FA93A /* OrderVC.swift in Sources */,
				6C50DE2B2A17837E009FA93A /* SettingTableViewCell.swift in Sources */,
				6C50DE292A17837E009FA93A /* PopularDoodsTableViewCell.swift in Sources */,
				6C50DE162A17837E009FA93A /* User.swift in Sources */,
				6C50DE2E2A17837E009FA93A /* AppDelegate.swift in Sources */,
				6C50DE282A17837E009FA93A /* HomeTableViewCell.swift in Sources */,
				6C50DE232A17837E009FA93A /* FavoritesVC.swift in Sources */,
				6C50DE2F2A17837E009FA93A /* SceneDelegate.swift in Sources */,
				6C50DE1A2A17837E009FA93A /* DatabaseManager.swift in Sources */,
				6C50DE202A17837E009FA93A /* SettingsVC.swift in Sources */,
				6C50DE272A17837E009FA93A /* TabBarVC.swift in Sources */,
				6C50DE2C2A17837E009FA93A /* SignInHeaderView.swift in Sources */,
				6C50DE152A17837E009FA93A /* Order.swift in Sources */,
				6C50DE182A17837E009FA93A /* StorageManager.swift in Sources */,
				6C50DE242A17837E009FA93A /* SignInVC.swift in Sources */,
				6C50DE1B2A17837E009FA93A /* BasketVC.swift in Sources */,
				6C50DE192A17837E009FA93A /* AuthManager.swift in Sources */,
				6C50DE1C2A17837E009FA93A /* OrderSuccessfulVC.swift in Sources */,
				6C50DE2D2A17837E009FA93A /* Extensions.swift in Sources */,
				6C50DE1F2A17837E009FA93A /* MyOrdersVC.swift in Sources */,
				6C50DE2A2A17837E009FA93A /* BasketTableViewCell.swift in Sources */,
				6C50DE212A17837E009FA93A /* EditProfileVC.swift in Sources */,
				44DBF4CB2A267C9C00A71EE6 /* NotificationManager.swift in Sources */,
				6C50DE252A17837E009FA93A /* SignUpVC.swift in Sources */,
			);
			runOnlyForDeploymentPostprocessing = 0;
		};
/* End PBXSourcesBuildPhase section */

/* Begin XCBuildConfiguration section */
		6C50DDDA2A1780AA009FA93A /* Debug */ = {
			isa = XCBuildConfiguration;
			buildSettings = {
				ALWAYS_SEARCH_USER_PATHS = NO;
				CLANG_ANALYZER_NONNULL = YES;
				CLANG_ANALYZER_NUMBER_OBJECT_CONVERSION = YES_AGGRESSIVE;
				CLANG_CXX_LANGUAGE_STANDARD = "gnu++20";
				CLANG_ENABLE_MODULES = YES;
				CLANG_ENABLE_OBJC_ARC = YES;
				CLANG_ENABLE_OBJC_WEAK = YES;
				CLANG_WARN_BLOCK_CAPTURE_AUTORELEASING = YES;
				CLANG_WARN_BOOL_CONVERSION = YES;
				CLANG_WARN_COMMA = YES;
				CLANG_WARN_CONSTANT_CONVERSION = YES;
				CLANG_WARN_DEPRECATED_OBJC_IMPLEMENTATIONS = YES;
				CLANG_WARN_DIRECT_OBJC_ISA_USAGE = YES_ERROR;
				CLANG_WARN_DOCUMENTATION_COMMENTS = YES;
				CLANG_WARN_EMPTY_BODY = YES;
				CLANG_WARN_ENUM_CONVERSION = YES;
				CLANG_WARN_INFINITE_RECURSION = YES;
				CLANG_WARN_INT_CONVERSION = YES;
				CLANG_WARN_NON_LITERAL_NULL_CONVERSION = YES;
				CLANG_WARN_OBJC_IMPLICIT_RETAIN_SELF = YES;
				CLANG_WARN_OBJC_LITERAL_CONVERSION = YES;
				CLANG_WARN_OBJC_ROOT_CLASS = YES_ERROR;
				CLANG_WARN_QUOTED_INCLUDE_IN_FRAMEWORK_HEADER = YES;
				CLANG_WARN_RANGE_LOOP_ANALYSIS = YES;
				CLANG_WARN_STRICT_PROTOTYPES = YES;
				CLANG_WARN_SUSPICIOUS_MOVE = YES;
				CLANG_WARN_UNGUARDED_AVAILABILITY = YES_AGGRESSIVE;
				CLANG_WARN_UNREACHABLE_CODE = YES;
				CLANG_WARN__DUPLICATE_METHOD_MATCH = YES;
				COPY_PHASE_STRIP = NO;
				DEBUG_INFORMATION_FORMAT = dwarf;
				ENABLE_STRICT_OBJC_MSGSEND = YES;
				ENABLE_TESTABILITY = YES;
				GCC_C_LANGUAGE_STANDARD = gnu11;
				GCC_DYNAMIC_NO_PIC = NO;
				GCC_NO_COMMON_BLOCKS = YES;
				GCC_OPTIMIZATION_LEVEL = 0;
				GCC_PREPROCESSOR_DEFINITIONS = (
					"DEBUG=1",
					"$(inherited)",
				);
				GCC_WARN_64_TO_32_BIT_CONVERSION = YES;
				GCC_WARN_ABOUT_RETURN_TYPE = YES_ERROR;
				GCC_WARN_UNDECLARED_SELECTOR = YES;
				GCC_WARN_UNINITIALIZED_AUTOS = YES_AGGRESSIVE;
				GCC_WARN_UNUSED_FUNCTION = YES;
				GCC_WARN_UNUSED_VARIABLE = YES;
				IPHONEOS_DEPLOYMENT_TARGET = 16.4;
				MTL_ENABLE_DEBUG_INFO = INCLUDE_SOURCE;
				MTL_FAST_MATH = YES;
				ONLY_ACTIVE_ARCH = YES;
				SDKROOT = iphoneos;
				SWIFT_ACTIVE_COMPILATION_CONDITIONS = DEBUG;
				SWIFT_OPTIMIZATION_LEVEL = "-Onone";
			};
			name = Debug;
		};
		6C50DDDB2A1780AA009FA93A /* Release */ = {
			isa = XCBuildConfiguration;
			buildSettings = {
				ALWAYS_SEARCH_USER_PATHS = NO;
				CLANG_ANALYZER_NONNULL = YES;
				CLANG_ANALYZER_NUMBER_OBJECT_CONVERSION = YES_AGGRESSIVE;
				CLANG_CXX_LANGUAGE_STANDARD = "gnu++20";
				CLANG_ENABLE_MODULES = YES;
				CLANG_ENABLE_OBJC_ARC = YES;
				CLANG_ENABLE_OBJC_WEAK = YES;
				CLANG_WARN_BLOCK_CAPTURE_AUTORELEASING = YES;
				CLANG_WARN_BOOL_CONVERSION = YES;
				CLANG_WARN_COMMA = YES;
				CLANG_WARN_CONSTANT_CONVERSION = YES;
				CLANG_WARN_DEPRECATED_OBJC_IMPLEMENTATIONS = YES;
				CLANG_WARN_DIRECT_OBJC_ISA_USAGE = YES_ERROR;
				CLANG_WARN_DOCUMENTATION_COMMENTS = YES;
				CLANG_WARN_EMPTY_BODY = YES;
				CLANG_WARN_ENUM_CONVERSION = YES;
				CLANG_WARN_INFINITE_RECURSION = YES;
				CLANG_WARN_INT_CONVERSION = YES;
				CLANG_WARN_NON_LITERAL_NULL_CONVERSION = YES;
				CLANG_WARN_OBJC_IMPLICIT_RETAIN_SELF = YES;
				CLANG_WARN_OBJC_LITERAL_CONVERSION = YES;
				CLANG_WARN_OBJC_ROOT_CLASS = YES_ERROR;
				CLANG_WARN_QUOTED_INCLUDE_IN_FRAMEWORK_HEADER = YES;
				CLANG_WARN_RANGE_LOOP_ANALYSIS = YES;
				CLANG_WARN_STRICT_PROTOTYPES = YES;
				CLANG_WARN_SUSPICIOUS_MOVE = YES;
				CLANG_WARN_UNGUARDED_AVAILABILITY = YES_AGGRESSIVE;
				CLANG_WARN_UNREACHABLE_CODE = YES;
				CLANG_WARN__DUPLICATE_METHOD_MATCH = YES;
				COPY_PHASE_STRIP = NO;
				DEBUG_INFORMATION_FORMAT = "dwarf-with-dsym";
				ENABLE_NS_ASSERTIONS = NO;
				ENABLE_STRICT_OBJC_MSGSEND = YES;
				GCC_C_LANGUAGE_STANDARD = gnu11;
				GCC_NO_COMMON_BLOCKS = YES;
				GCC_WARN_64_TO_32_BIT_CONVERSION = YES;
				GCC_WARN_ABOUT_RETURN_TYPE = YES_ERROR;
				GCC_WARN_UNDECLARED_SELECTOR = YES;
				GCC_WARN_UNINITIALIZED_AUTOS = YES_AGGRESSIVE;
				GCC_WARN_UNUSED_FUNCTION = YES;
				GCC_WARN_UNUSED_VARIABLE = YES;
				IPHONEOS_DEPLOYMENT_TARGET = 16.4;
				MTL_ENABLE_DEBUG_INFO = NO;
				MTL_FAST_MATH = YES;
				SDKROOT = iphoneos;
				SWIFT_COMPILATION_MODE = wholemodule;
				SWIFT_OPTIMIZATION_LEVEL = "-O";
				VALIDATE_PRODUCT = YES;
			};
			name = Release;
		};
		6C50DDDD2A1780AA009FA93A /* Debug */ = {
			isa = XCBuildConfiguration;
			buildSettings = {
				ASSETCATALOG_COMPILER_APPICON_NAME = AppIcon;
				ASSETCATALOG_COMPILER_GLOBAL_ACCENT_COLOR_NAME = AccentColor;
				CODE_SIGN_STYLE = Automatic;
				CURRENT_PROJECT_VERSION = 1;
				GENERATE_INFOPLIST_FILE = YES;
				INFOPLIST_FILE = CoffeeRoaster/Info.plist;
				INFOPLIST_KEY_UIApplicationSupportsIndirectInputEvents = YES;
				INFOPLIST_KEY_UILaunchStoryboardName = LaunchScreen;
				INFOPLIST_KEY_UISupportedInterfaceOrientations_iPad = "UIInterfaceOrientationPortrait UIInterfaceOrientationPortraitUpsideDown UIInterfaceOrientationLandscapeLeft UIInterfaceOrientationLandscapeRight";
				INFOPLIST_KEY_UISupportedInterfaceOrientations_iPhone = "UIInterfaceOrientationPortrait UIInterfaceOrientationLandscapeLeft UIInterfaceOrientationLandscapeRight";
				LD_RUNPATH_SEARCH_PATHS = (
					"$(inherited)",
					"@executable_path/Frameworks",
				);
				MARKETING_VERSION = 1.0;
				PRODUCT_BUNDLE_IDENTIFIER = Course.CoffeeShop;
				PRODUCT_NAME = "$(TARGET_NAME)";
				SWIFT_EMIT_LOC_STRINGS = YES;
				SWIFT_VERSION = 5.0;
				TARGETED_DEVICE_FAMILY = "1,2";
			};
			name = Debug;
		};
		6C50DDDE2A1780AA009FA93A /* Release */ = {
			isa = XCBuildConfiguration;
			buildSettings = {
				ASSETCATALOG_COMPILER_APPICON_NAME = AppIcon;
				ASSETCATALOG_COMPILER_GLOBAL_ACCENT_COLOR_NAME = AccentColor;
				CODE_SIGN_STYLE = Automatic;
				CURRENT_PROJECT_VERSION = 1;
				GENERATE_INFOPLIST_FILE = YES;
				INFOPLIST_FILE = CoffeeRoaster/Info.plist;
				INFOPLIST_KEY_UIApplicationSupportsIndirectInputEvents = YES;
				INFOPLIST_KEY_UILaunchStoryboardName = LaunchScreen;
				INFOPLIST_KEY_UISupportedInterfaceOrientations_iPad = "UIInterfaceOrientationPortrait UIInterfaceOrientationPortraitUpsideDown UIInterfaceOrientationLandscapeLeft UIInterfaceOrientationLandscapeRight";
				INFOPLIST_KEY_UISupportedInterfaceOrientations_iPhone = "UIInterfaceOrientationPortrait UIInterfaceOrientationLandscapeLeft UIInterfaceOrientationLandscapeRight";
				LD_RUNPATH_SEARCH_PATHS = (
					"$(inherited)",
					"@executable_path/Frameworks",
				);
				MARKETING_VERSION = 1.0;
				PRODUCT_BUNDLE_IDENTIFIER = Course.CoffeeShop;
				PRODUCT_NAME = "$(TARGET_NAME)";
				SWIFT_EMIT_LOC_STRINGS = YES;
				SWIFT_VERSION = 5.0;
				TARGETED_DEVICE_FAMILY = "1,2";
			};
			name = Release;
		};
/* End XCBuildConfiguration section */

/* Begin XCConfigurationList section */
		6C50DDC32A1780A4009FA93A /* Build configuration list for PBXProject "CoffeeRoaster" */ = {
			isa = XCConfigurationList;
			buildConfigurations = (
				6C50DDDA2A1780AA009FA93A /* Debug */,
				6C50DDDB2A1780AA009FA93A /* Release */,
			);
			defaultConfigurationIsVisible = 0;
			defaultConfigurationName = Release;
		};
		6C50DDDC2A1780AA009FA93A /* Build configuration list for PBXNativeTarget "CoffeeRoaster" */ = {
			isa = XCConfigurationList;
			buildConfigurations = (
				6C50DDDD2A1780AA009FA93A /* Debug */,
				6C50DDDE2A1780AA009FA93A /* Release */,
			);
			defaultConfigurationIsVisible = 0;
			defaultConfigurationName = Release;
		};
/* End XCConfigurationList section */

/* Begin XCRemoteSwiftPackageReference section */
		6C50DDDF2A178172009FA93A /* XCRemoteSwiftPackageReference "firebase-ios-sdk" */ = {
			isa = XCRemoteSwiftPackageReference;
			repositoryURL = "https://github.com/firebase/firebase-ios-sdk";
			requirement = {
				kind = upToNextMajorVersion;
				minimumVersion = 7.0.0;
			};
		};
/* End XCRemoteSwiftPackageReference section */

/* Begin XCSwiftPackageProductDependency section */
		6C50DDE02A178172009FA93A /* FirebaseAuth */ = {
			isa = XCSwiftPackageProductDependency;
			package = 6C50DDDF2A178172009FA93A /* XCRemoteSwiftPackageReference "firebase-ios-sdk" */;
			productName = FirebaseAuth;
		};
		6C50DDE22A178172009FA93A /* FirebaseFirestore */ = {
			isa = XCSwiftPackageProductDependency;
			package = 6C50DDDF2A178172009FA93A /* XCRemoteSwiftPackageReference "firebase-ios-sdk" */;
			productName = FirebaseFirestore;
		};
		6C50DDE42A178172009FA93A /* FirebaseFirestoreSwift-Beta */ = {
			isa = XCSwiftPackageProductDependency;
			package = 6C50DDDF2A178172009FA93A /* XCRemoteSwiftPackageReference "firebase-ios-sdk" */;
			productName = "FirebaseFirestoreSwift-Beta";
		};
		6C50DDE62A178172009FA93A /* FirebaseStorage */ = {
			isa = XCSwiftPackageProductDependency;
			package = 6C50DDDF2A178172009FA93A /* XCRemoteSwiftPackageReference "firebase-ios-sdk" */;
			productName = FirebaseStorage;
		};
		6C50DDE82A178172009FA93A /* FirebaseStorageSwift-Beta */ = {
			isa = XCSwiftPackageProductDependency;
			package = 6C50DDDF2A178172009FA93A /* XCRemoteSwiftPackageReference "firebase-ios-sdk" */;
			productName = "FirebaseStorageSwift-Beta";
		};
/* End XCSwiftPackageProductDependency section */
	};
	rootObject = 6C50DDC02A1780A4009FA93A /* Project object */;
}
